{
  "name": "splay-react",
  "version": "1.0.0",
  "lockfileVersion": 3,
  "requires": true,
  "packages": {
    "": {
      "name": "splay-react",
      "version": "1.0.0",
      "license": "ISC",
      "devDependencies": {
        "@mark1russell7/cue": "github:mark1russell7/cue#main"
      }
    },
    "node_modules/@mark1russell7/cue": {
      "version": "0.0.0",
      "resolved": "git+ssh://git@github.com/mark1russell7/cue.git#ed8f5485ee87d182daa01cde62820bb6761ebddf",
      "dev": true,
      "license": "MIT",
      "bin": {
        "cue-config": "dist/cli.js"
      },
      "engines": {
        "node": ">=25.0.0",
        "npm": ">=11.0.0"
      }
    }
  }
}
