{
  "name": "@mark1russell7/splay-react",
  "version": "0.0.0",
  "lockfileVersion": 3,
  "requires": true,
  "packages": {
    "": {
      "name": "@mark1russell7/splay-react",
      "version": "0.0.0",
      "license": "MIT",
      "dependencies": {
        "@mark1russell7/splay": "github:mark1russell7/splay#main"
      },
      "devDependencies": {
        "@mark1russell7/ts-base": "github:mark1russell7/ts-base#main",
        "@types/react": "^19.0.0",
        "typescript": "^5.9.3"
      },
      "engines": {
        "node": ">=25.0.0",
        "npm": ">=11.0.0"
      },
      "peerDependencies": {
        "react": ">=18"
      }
    },
    "node_modules/@mark1russell7/splay": {
      "version": "0.0.0",
      "resolved": "git+ssh://git@github.com/mark1russell7/splay.git#918c1739d86e941ec30d70a3f713b2d7daabe217",
      "license": "MIT",
      "engines": {
        "node": ">=25.0.0",
        "npm": ">=11.0.0"
      }
    },
    "node_modules/@mark1russell7/ts-base": {
      "version": "0.0.1",
      "resolved": "git+ssh://git@github.com/mark1russell7/ts-base.git#0c8c6a5d4ba458f432fa1dd5a9ce28e9419089eb",
      "dev": true,
      "license": "MIT",
      "bin": {
        "ts-base": "bin/cli.js"
      },
      "engines": {
        "node": ">=20.0.0"
      },
      "peerDependencies": {
        "typescript": ">=5.0.0"
      }
    },
    "node_modules/@types/react": {
      "version": "19.2.7",
      "resolved": "https://registry.npmjs.org/@types/react/-/react-19.2.7.tgz",
      "integrity": "sha512-MWtvHrGZLFttgeEj28VXHxpmwYbor/ATPYbBfSFZEIRK0ecCFLl2Qo55z52Hss+UV9CRN7trSeq1zbgx7YDWWg==",
      "dev": true,
      "license": "MIT",
      "dependencies": {
        "csstype": "^3.2.2"
      }
    },
    "node_modules/csstype": {
      "version": "3.2.3",
      "resolved": "https://registry.npmjs.org/csstype/-/csstype-3.2.3.tgz",
      "integrity": "sha512-z1HGKcYy2xA8AGQfwrn0PAy+PB7X/GSj3UVJW9qKyn43xWa+gl5nXmU4qqLMRzWVLFC8KusUX8T/0kCiOYpAIQ==",
      "dev": true,
      "license": "MIT"
    },
    "node_modules/react": {
      "version": "19.2.3",
      "resolved": "https://registry.npmjs.org/react/-/react-19.2.3.tgz",
      "integrity": "sha512-Ku/hhYbVjOQnXDZFv2+RibmLFGwFdeeKHFcOTlrt7xplBnya5OGn/hIRDsqDiSUcfORsDC7MPxwork8jBwsIWA==",
      "license": "MIT",
      "peer": true,
      "engines": {
        "node": ">=0.10.0"
      }
    },
    "node_modules/typescript": {
      "version": "5.9.3",
      "resolved": "https://registry.npmjs.org/typescript/-/typescript-5.9.3.tgz",
      "integrity": "sha512-jl1vZzPDinLr9eUt3J/t7V6FgNEw9QjvBPdysz9KfQDD41fQrC2Y4vKQdiaUpFT4bXlb1RHhLpp8wtm6M5TgSw==",
      "dev": true,
      "license": "Apache-2.0",
      "peer": true,
      "bin": {
        "tsc": "bin/tsc",
        "tsserver": "bin/tsserver"
      },
      "engines": {
        "node": ">=14.17"
      }
    }
  }
}
